{
  "nodes": {
    "home-manager": {
      "inputs": {
        "nixpkgs": [
          "nixpkgs"
        ]
      },
      "locked": {
        "lastModified": 1681586243,
        "narHash": "sha256-vdP79IZuDZVNSl4RN1LgEuab1Tkbv4gCxiE8VLdRf7U=",
        "owner": "nix-community",
        "repo": "home-manager",
        "rev": "40ebb62101c83de81e5fd7c3cfe5cea2ed21b1ad",
        "type": "github"
      },
      "original": {
        "owner": "nix-community",
        "repo": "home-manager",
        "type": "github"
      }
    },
    "nixpkgs": {
      "locked": {
        "lastModified": 1681557730,
        "narHash": "sha256-j2E3639kS3Qop2jQPyqWCdenZNaqIdxfoTvAHnGuAGI=",
        "owner": "nixos",
        "repo": "nixpkgs",
        "rev": "85b081528b937df4bfcaee80c3541b58f397df8b",
        "type": "github"
      },
      "original": {
        "owner": "nixos",
        "ref": "nixos-unstable",
        "repo": "nixpkgs",
        "type": "github"
      }
    },
    "nur": {
      "locked": {
        "lastModified": 1681670697,
        "narHash": "sha256-S53lgkMSQXRxSa7JNgV5SFwFLSY8mrqfq8GfD4/kySc=",
        "owner": "nix-community",
        "repo": "NUR",
        "rev": "a668da776172a7e2f68a9dfba66112e2ea9c1bbf",
        "type": "github"
      },
      "original": {
        "owner": "nix-community",
        "repo": "NUR",
        "type": "github"
      }
    },
    "root": {
      "inputs": {
        "home-manager": "home-manager",
        "nixpkgs": "nixpkgs",
        "nur": "nur"
      }
    }
  },
  "root": "root",
  "version": 7
}
