{
  "nodes": {
    "agenix": {
      "inputs": {
        "darwin": [],
        "home-manager": "home-manager",
        "nixpkgs": "nixpkgs"
      },
      "locked": {
        "lastModified": 1701216516,
        "narHash": "sha256-jKSeJn+7hZ1dZdiH1L+NWUGT2i/BGomKAJ54B9kT06Q=",
        "owner": "ryantm",
        "repo": "agenix",
        "rev": "13ac9ac6d68b9a0896e3d43a082947233189e247",
        "type": "github"
      },
      "original": {
        "owner": "ryantm",
        "repo": "agenix",
        "type": "github"
      }
    },
    "home-manager": {
      "inputs": {
        "nixpkgs": [
          "agenix",
          "nixpkgs"
        ]
      },
      "locked": {
        "lastModified": 1682203081,
        "narHash": "sha256-kRL4ejWDhi0zph/FpebFYhzqlOBrk0Pl3dzGEKSAlEw=",
        "owner": "nix-community",
        "repo": "home-manager",
        "rev": "32d3e39c491e2f91152c84f8ad8b003420eab0a1",
        "type": "github"
      },
      "original": {
        "owner": "nix-community",
        "repo": "home-manager",
        "type": "github"
      }
    },
    "home-manager_2": {
      "inputs": {
        "nixpkgs": [
          "nixpkgs"
        ]
      },
      "locked": {
        "lastModified": 1701728041,
        "narHash": "sha256-x0pyrI1vC8evVDxCxyO6olOyr4wlFg9+VS3C3p4xFYQ=",
        "owner": "nix-community",
        "repo": "home-manager",
        "rev": "ac7216918cd65f3824ba7817dea8f22e61221eaf",
        "type": "github"
      },
      "original": {
        "owner": "nix-community",
        "repo": "home-manager",
        "type": "github"
      }
    },
    "nixos-hardware": {
      "locked": {
        "lastModified": 1701656485,
        "narHash": "sha256-xDFormrGCKKGqngHa2Bz1GTeKlFMMjLnHhTDRdMJ1hs=",
        "owner": "NixOS",
        "repo": "nixos-hardware",
        "rev": "fa194fc484fd7270ab324bb985593f71102e84d1",
        "type": "github"
      },
      "original": {
        "owner": "NixOS",
        "ref": "master",
        "repo": "nixos-hardware",
        "type": "github"
      }
    },
    "nixpkgs": {
      "locked": {
        "lastModified": 1677676435,
        "narHash": "sha256-6FxdcmQr5JeZqsQvfinIMr0XcTyTuR7EXX0H3ANShpQ=",
        "owner": "NixOS",
        "repo": "nixpkgs",
        "rev": "a08d6979dd7c82c4cef0dcc6ac45ab16051c1169",
        "type": "github"
      },
      "original": {
        "owner": "NixOS",
        "ref": "nixos-unstable",
        "repo": "nixpkgs",
        "type": "github"
      }
    },
    "nixpkgs_2": {
      "locked": {
        "lastModified": 1701436327,
        "narHash": "sha256-tRHbnoNI8SIM5O5xuxOmtSLnswEByzmnQcGGyNRjxsE=",
        "owner": "nixos",
        "repo": "nixpkgs",
        "rev": "91050ea1e57e50388fa87a3302ba12d188ef723a",
        "type": "github"
      },
      "original": {
        "owner": "nixos",
        "ref": "nixos-unstable",
        "repo": "nixpkgs",
        "type": "github"
      }
    },
    "nur": {
      "locked": {
        "lastModified": 1701787127,
        "narHash": "sha256-Cdc5dJ13Suu42rp4mvYU0U407mr9QetFe15CCqu3RLA=",
        "owner": "nix-community",
        "repo": "NUR",
        "rev": "bac53b69f4a1f17d81152bf10c67f6ddf4e8b4bd",
        "type": "github"
      },
      "original": {
        "owner": "nix-community",
        "repo": "NUR",
        "type": "github"
      }
    },
    "plasma-manager": {
      "inputs": {
        "home-manager": [
          "nixpkgs"
        ],
        "nixpkgs": [
          "nixpkgs"
        ]
      },
      "locked": {
        "lastModified": 1700267030,
        "narHash": "sha256-1ke+7xrkCVOI13RJ1w6EjCGcJywkN3bbTKbLWAt4jaE=",
        "owner": "pjones",
        "repo": "plasma-manager",
        "rev": "019a8fd22a26c8d59f63aa9cc8a9c1729d6ffbda",
        "type": "github"
      },
      "original": {
        "owner": "pjones",
        "repo": "plasma-manager",
        "type": "github"
      }
    },
    "root": {
      "inputs": {
        "agenix": "agenix",
        "home-manager": "home-manager_2",
        "nixos-hardware": "nixos-hardware",
        "nixpkgs": "nixpkgs_2",
        "nur": "nur",
        "plasma-manager": "plasma-manager"
      }
    }
  },
  "root": "root",
  "version": 7
}
